
Microsoft Visual Studio Solution File, Format Version 12.00
# Visual Studio Version 17
VisualStudioVersion = 17.4.33213.308
MinimumVisualStudioVersion = 10.0.40219.1
Project("{9A19103F-16F7-4668-BE54-9A1E7A4F7556}") = "ParquetViewer", "ParquetViewer\ParquetViewer.csproj", "{6019FC1B-3610-4682-BF96-8345C95CB7EC}"
EndProject
Project("{9A19103F-16F7-4668-BE54-9A1E7A4F7556}") = "ParquetViewer.Engine", "ParquetViewer.Engine\ParquetViewer.Engine.csproj", "{77900356-25F3-4A24-B638-845C784C1175}"
EndProject
Project("{9A19103F-16F7-4668-BE54-9A1E7A4F7556}") = "ParquetViewer.Tests", "ParquetViewer.Tests\ParquetViewer.Tests.csproj", "{16D10BC9-08BF-4248-8975-1B54C42EB2C2}"
EndProject
Global
	GlobalSection(SolutionConfigurationPlatforms) = preSolution
		Debug|Any CPU = Debug|Any CPU
		Release_SelfContained|Any CPU = Release_SelfContained|Any CPU
		Release|Any CPU = Release|Any CPU
	EndGlobalSection
	GlobalSection(ProjectConfigurationPlatforms) = postSolution
		{77900356-25F3-4A24-B638-845C784C1175}.Debug|Any CPU.ActiveCfg = Debug|Any CPU
		{77900356-25F3-4A24-B638-845C784C1175}.Debug|Any CPU.Build.0 = Debug|Any CPU
		{77900356-25F3-4A24-B638-845C784C1175}.Release_SelfContained|Any CPU.ActiveCfg = Release_SelfContained|Any CPU
		{77900356-25F3-4A24-B638-845C784C1175}.Release_SelfContained|Any CPU.Build.0 = Release_SelfContained|Any CPU
		{77900356-25F3-4A24-B638-845C784C1175}.Release|Any CPU.ActiveCfg = Release|Any CPU
		{77900356-25F3-4A24-B638-845C784C1175}.Release|Any CPU.Build.0 = Release|Any CPU
		{6019FC1B-3610-4682-BF96-8345C95CB7EC}.Debug|Any CPU.ActiveCfg = Debug|Any CPU
		{6019FC1B-3610-4682-BF96-8345C95CB7EC}.Debug|Any CPU.Build.0 = Debug|Any CPU
		{6019FC1B-3610-4682-BF96-8345C95CB7EC}.Release_SelfContained|Any CPU.ActiveCfg = Release_SelfContained|Any CPU
		{6019FC1B-3610-4682-BF96-8345C95CB7EC}.Release_SelfContained|Any CPU.Build.0 = Release_SelfContained|Any CPU
		{6019FC1B-3610-4682-BF96-8345C95CB7EC}.Release|Any CPU.ActiveCfg = Release|Any CPU
		{6019FC1B-3610-4682-BF96-8345C95CB7EC}.Release|Any CPU.Build.0 = Release|Any CPU
		{16D10BC9-08BF-4248-8975-1B54C42EB2C2}.Debug|Any CPU.ActiveCfg = Debug|Any CPU
		{16D10BC9-08BF-4248-8975-1B54C42EB2C2}.Debug|Any CPU.Build.0 = Debug|Any CPU
		{16D10BC9-08BF-4248-8975-1B54C42EB2C2}.Release_SelfContained|Any CPU.ActiveCfg = Release_SelfContained|Any CPU
		{16D10BC9-08BF-4248-8975-1B54C42EB2C2}.Release_SelfContained|Any CPU.Build.0 = Release_SelfContained|Any CPU
		{16D10BC9-08BF-4248-8975-1B54C42EB2C2}.Release|Any CPU.ActiveCfg = Release|Any CPU
		{16D10BC9-08BF-4248-8975-1B54C42EB2C2}.Release|Any CPU.Build.0 = Release|Any CPU
	EndGlobalSection
	GlobalSection(SolutionProperties) = preSolution
		HideSolutionNode = FALSE
	EndGlobalSection
	GlobalSection(ExtensibilityGlobals) = postSolution
		SolutionGuid = {24015CE0-473F-4A3B-89BE-E0CEEEA261B6}
	EndGlobalSection
EndGlobal
